<?xml version="1.0" encoding="UTF-8"?>
<CodeBlocks_project_file>
	<FileVersion major="1" minor="6"/>
	<Project>
		<Option title="HuffmanCoding"/>
		<Option makefile_is_custom="1"/>
		<Option compiler="gcc"/>
		<Option virtualFolders="CMake Files\;"/>
		<Build>
			<Target title="all">
				<Option working_dir="/Users/jerry/CLionProjects/HuffmanCoding"/>
				<Option type="4"/>
				<MakeCommands>
					<Build command="/usr/bin/make -f &quot;/Users/jerry/CLionProjects/HuffmanCoding/Makefile&quot;  VERBOSE=1 all"/>
					<CompileFile command="/usr/bin/make -f &quot;/Users/jerry/CLionProjects/HuffmanCoding/Makefile&quot;  VERBOSE=1 &quot;$file&quot;"/>
					<Clean command="/usr/bin/make -f &quot;/Users/jerry/CLionProjects/HuffmanCoding/Makefile&quot;  VERBOSE=1 clean"/>
					<DistClean command="/usr/bin/make -f &quot;/Users/jerry/CLionProjects/HuffmanCoding/Makefile&quot;  VERBOSE=1 clean"/>
				</MakeCommands>
			</Target>
			<Target title="rebuild_cache">
				<Option working_dir="/Users/jerry/CLionProjects/HuffmanCoding"/>
				<Option type="4"/>
				<MakeCommands>
					<Build command="/usr/bin/make -f &quot;/Users/jerry/CLionProjects/HuffmanCoding/Makefile&quot;  VERBOSE=1 rebuild_cache"/>
					<CompileFile command="/usr/bin/make -f &quot;/Users/jerry/CLionProjects/HuffmanCoding/Makefile&quot;  VERBOSE=1 &quot;$file&quot;"/>
					<Clean command="/usr/bin/make -f &quot;/Users/jerry/CLionProjects/HuffmanCoding/Makefile&quot;  VERBOSE=1 clean"/>
					<DistClean command="/usr/bin/make -f &quot;/Users/jerry/CLionProjects/HuffmanCoding/Makefile&quot;  VERBOSE=1 clean"/>
				</MakeCommands>
			</Target>
			<Target title="edit_cache">
				<Option working_dir="/Users/jerry/CLionProjects/HuffmanCoding"/>
				<Option type="4"/>
				<MakeCommands>
					<Build command="/usr/bin/make -f &quot;/Users/jerry/CLionProjects/HuffmanCoding/Makefile&quot;  VERBOSE=1 edit_cache"/>
					<CompileFile command="/usr/bin/make -f &quot;/Users/jerry/CLionProjects/HuffmanCoding/Makefile&quot;  VERBOSE=1 &quot;$file&quot;"/>
					<Clean command="/usr/bin/make -f &quot;/Users/jerry/CLionProjects/HuffmanCoding/Makefile&quot;  VERBOSE=1 clean"/>
					<DistClean command="/usr/bin/make -f &quot;/Users/jerry/CLionProjects/HuffmanCoding/Makefile&quot;  VERBOSE=1 clean"/>
				</MakeCommands>
			</Target>
			<Target title="HuffmanCoding">
				<Option output="/Users/jerry/CLionProjects/HuffmanCoding/HuffmanCoding" prefix_auto="0" extension_auto="0"/>
				<Option working_dir="/Users/jerry/CLionProjects/HuffmanCoding"/>
				<Option object_output="./"/>
				<Option type="1"/>
				<Option compiler="gcc"/>
				<Compiler/>
				<MakeCommands>
					<Build command="/usr/bin/make -f &quot;/Users/jerry/CLionProjects/HuffmanCoding/Makefile&quot;  VERBOSE=1 HuffmanCoding"/>
					<CompileFile command="/usr/bin/make -f &quot;/Users/jerry/CLionProjects/HuffmanCoding/Makefile&quot;  VERBOSE=1 &quot;$file&quot;"/>
					<Clean command="/usr/bin/make -f &quot;/Users/jerry/CLionProjects/HuffmanCoding/Makefile&quot;  VERBOSE=1 clean"/>
					<DistClean command="/usr/bin/make -f &quot;/Users/jerry/CLionProjects/HuffmanCoding/Makefile&quot;  VERBOSE=1 clean"/>
				</MakeCommands>
			</Target>
			<Target title="HuffmanCoding/fast">
				<Option output="/Users/jerry/CLionProjects/HuffmanCoding/HuffmanCoding" prefix_auto="0" extension_auto="0"/>
				<Option working_dir="/Users/jerry/CLionProjects/HuffmanCoding"/>
				<Option object_output="./"/>
				<Option type="1"/>
				<Option compiler="gcc"/>
				<Compiler/>
				<MakeCommands>
					<Build command="/usr/bin/make -f &quot;/Users/jerry/CLionProjects/HuffmanCoding/Makefile&quot;  VERBOSE=1 HuffmanCoding/fast"/>
					<CompileFile command="/usr/bin/make -f &quot;/Users/jerry/CLionProjects/HuffmanCoding/Makefile&quot;  VERBOSE=1 &quot;$file&quot;"/>
					<Clean command="/usr/bin/make -f &quot;/Users/jerry/CLionProjects/HuffmanCoding/Makefile&quot;  VERBOSE=1 clean"/>
					<DistClean command="/usr/bin/make -f &quot;/Users/jerry/CLionProjects/HuffmanCoding/Makefile&quot;  VERBOSE=1 clean"/>
				</MakeCommands>
			</Target>
		</Build>
		<Unit filename="/Users/jerry/CLionProjects/HuffmanCoding/Compress.cpp">
			<Option target="HuffmanCoding"/>
		</Unit>
		<Unit filename="/Users/jerry/CLionProjects/HuffmanCoding/Compress.h">
			<Option target="HuffmanCoding"/>
		</Unit>
		<Unit filename="/Users/jerry/CLionProjects/HuffmanCoding/Huffman.cpp">
			<Option target="HuffmanCoding"/>
		</Unit>
		<Unit filename="/Users/jerry/CLionProjects/HuffmanCoding/Huffman.h">
			<Option target="HuffmanCoding"/>
		</Unit>
		<Unit filename="/Users/jerry/CLionProjects/HuffmanCoding/main.cpp">
			<Option target="HuffmanCoding"/>
		</Unit>
		<Unit filename="/Users/jerry/CLionProjects/HuffmanCoding/CMakeLists.txt">
			<Option virtualFolder="CMake Files\"/>
		</Unit>
	</Project>
</CodeBlocks_project_file>
